
Microsoft Visual Studio Solution File, Format Version 12.00
# Visual Studio Version 16
VisualStudioVersion = 16.0.29306.81
MinimumVisualStudioVersion = 10.0.40219.1
Project("{FAE04EC0-301F-11D3-BF4B-00C04F79EFBC}") = "UIProgramming", "UIProgramming\UIProgramming.csproj", "{6FDD96B2-E49A-4A50-86AA-D2CC46DFE013}"
EndProject
Project("{FAE04EC0-301F-11D3-BF4B-00C04F79EFBC}") = "W02_01", "W02_01\W02_01.csproj", "{56A41B74-97A5-418D-A61F-D0E926B9271F}"
EndProject
Project("{FAE04EC0-301F-11D3-BF4B-00C04F79EFBC}") = "W02_02", "W02_02\W02_02.csproj", "{55CF1843-6B77-4580-AFF8-3988E256580F}"
EndProject
Project("{FAE04EC0-301F-11D3-BF4B-00C04F79EFBC}") = "W02_03", "W02_03\W02_03.csproj", "{2BA23C7E-A678-441F-8D4B-838E9F06E41B}"
EndProject
Project("{FAE04EC0-301F-11D3-BF4B-00C04F79EFBC}") = "W02_04", "W02_04\W02_04.csproj", "{DFB40278-DBFE-441C-8DDD-F4AD2B5DB400}"
EndProject
Project("{FAE04EC0-301F-11D3-BF4B-00C04F79EFBC}") = "W03_01", "W03_01\W03_01.csproj", "{144AE5F7-B814-4952-BF81-0E1B86DEC1B5}"
EndProject
Project("{FAE04EC0-301F-11D3-BF4B-00C04F79EFBC}") = "W03_02", "W03_02\W03_02.csproj", "{4783D394-9505-4FCC-81D0-4048C89656B8}"
EndProject
Project("{FAE04EC0-301F-11D3-BF4B-00C04F79EFBC}") = "W03_03", "W03_03\W03_03.csproj", "{B51452A8-BB79-4FDB-8409-A3358815F3F2}"
EndProject
Project("{FAE04EC0-301F-11D3-BF4B-00C04F79EFBC}") = "W03_04", "W03_04\W03_04.csproj", "{A3D65C06-D981-4026-9986-FCE0ECBF504D}"
EndProject
Project("{FAE04EC0-301F-11D3-BF4B-00C04F79EFBC}") = "W03_05", "W03_05\W03_05.csproj", "{90361714-9F90-41F8-80D4-1F4CB17FCBD6}"
EndProject
Project("{FAE04EC0-301F-11D3-BF4B-00C04F79EFBC}") = "W04_01", "W04_01\W04_01.csproj", "{E6F3E824-8D23-4260-9FD6-B2A0FD67C919}"
EndProject
Project("{FAE04EC0-301F-11D3-BF4B-00C04F79EFBC}") = "W05_02", "W05_02\W05_02.csproj", "{4365C692-ADA0-49E3-B1EE-5EB2BB0A1A09}"
EndProject
Project("{FAE04EC0-301F-11D3-BF4B-00C04F79EFBC}") = "W06_01", "W06_01\W06_01.csproj", "{B82BFF28-7974-49BA-91AF-7B3AC42A6397}"
EndProject
Project("{FAE04EC0-301F-11D3-BF4B-00C04F79EFBC}") = "SimplePaint", "SimplePaint\SimplePaint.csproj", "{3EE2B7E0-D498-4029-A906-8305606CCC02}"
EndProject
Project("{FAE04EC0-301F-11D3-BF4B-00C04F79EFBC}") = "SimpleNotepad", "SimpleNotepad\SimpleNotepad.csproj", "{0B0C8467-DC8C-422A-A2E9-A5C1D1D9D08D}"
EndProject
Project("{FAE04EC0-301F-11D3-BF4B-00C04F79EFBC}") = "W12_01", "W12_01\W12_01.csproj", "{7033B5ED-0566-4574-AAC2-0F23569A21BC}"
EndProject
Global
	GlobalSection(SolutionConfigurationPlatforms) = preSolution
		Debug|Any CPU = Debug|Any CPU
		Release|Any CPU = Release|Any CPU
	EndGlobalSection
	GlobalSection(ProjectConfigurationPlatforms) = postSolution
		{6FDD96B2-E49A-4A50-86AA-D2CC46DFE013}.Debug|Any CPU.ActiveCfg = Debug|Any CPU
		{6FDD96B2-E49A-4A50-86AA-D2CC46DFE013}.Debug|Any CPU.Build.0 = Debug|Any CPU
		{6FDD96B2-E49A-4A50-86AA-D2CC46DFE013}.Release|Any CPU.ActiveCfg = Release|Any CPU
		{6FDD96B2-E49A-4A50-86AA-D2CC46DFE013}.Release|Any CPU.Build.0 = Release|Any CPU
		{56A41B74-97A5-418D-A61F-D0E926B9271F}.Debug|Any CPU.ActiveCfg = Debug|Any CPU
		{56A41B74-97A5-418D-A61F-D0E926B9271F}.Debug|Any CPU.Build.0 = Debug|Any CPU
		{56A41B74-97A5-418D-A61F-D0E926B9271F}.Release|Any CPU.ActiveCfg = Release|Any CPU
		{56A41B74-97A5-418D-A61F-D0E926B9271F}.Release|Any CPU.Build.0 = Release|Any CPU
		{55CF1843-6B77-4580-AFF8-3988E256580F}.Debug|Any CPU.ActiveCfg = Debug|Any CPU
		{55CF1843-6B77-4580-AFF8-3988E256580F}.Debug|Any CPU.Build.0 = Debug|Any CPU
		{55CF1843-6B77-4580-AFF8-3988E256580F}.Release|Any CPU.ActiveCfg = Release|Any CPU
		{55CF1843-6B77-4580-AFF8-3988E256580F}.Release|Any CPU.Build.0 = Release|Any CPU
		{2BA23C7E-A678-441F-8D4B-838E9F06E41B}.Debug|Any CPU.ActiveCfg = Debug|Any CPU
		{2BA23C7E-A678-441F-8D4B-838E9F06E41B}.Debug|Any CPU.Build.0 = Debug|Any CPU
		{2BA23C7E-A678-441F-8D4B-838E9F06E41B}.Release|Any CPU.ActiveCfg = Release|Any CPU
		{2BA23C7E-A678-441F-8D4B-838E9F06E41B}.Release|Any CPU.Build.0 = Release|Any CPU
		{DFB40278-DBFE-441C-8DDD-F4AD2B5DB400}.Debug|Any CPU.ActiveCfg = Debug|Any CPU
		{DFB40278-DBFE-441C-8DDD-F4AD2B5DB400}.Debug|Any CPU.Build.0 = Debug|Any CPU
		{DFB40278-DBFE-441C-8DDD-F4AD2B5DB400}.Release|Any CPU.ActiveCfg = Release|Any CPU
		{DFB40278-DBFE-441C-8DDD-F4AD2B5DB400}.Release|Any CPU.Build.0 = Release|Any CPU
		{144AE5F7-B814-4952-BF81-0E1B86DEC1B5}.Debug|Any CPU.ActiveCfg = Debug|Any CPU
		{144AE5F7-B814-4952-BF81-0E1B86DEC1B5}.Debug|Any CPU.Build.0 = Debug|Any CPU
		{144AE5F7-B814-4952-BF81-0E1B86DEC1B5}.Release|Any CPU.ActiveCfg = Release|Any CPU
		{144AE5F7-B814-4952-BF81-0E1B86DEC1B5}.Release|Any CPU.Build.0 = Release|Any CPU
		{4783D394-9505-4FCC-81D0-4048C89656B8}.Debug|Any CPU.ActiveCfg = Debug|Any CPU
		{4783D394-9505-4FCC-81D0-4048C89656B8}.Debug|Any CPU.Build.0 = Debug|Any CPU
		{4783D394-9505-4FCC-81D0-4048C89656B8}.Release|Any CPU.ActiveCfg = Release|Any CPU
		{4783D394-9505-4FCC-81D0-4048C89656B8}.Release|Any CPU.Build.0 = Release|Any CPU
		{B51452A8-BB79-4FDB-8409-A3358815F3F2}.Debug|Any CPU.ActiveCfg = Debug|Any CPU
		{B51452A8-BB79-4FDB-8409-A3358815F3F2}.Debug|Any CPU.Build.0 = Debug|Any CPU
		{B51452A8-BB79-4FDB-8409-A3358815F3F2}.Release|Any CPU.ActiveCfg = Release|Any CPU
		{B51452A8-BB79-4FDB-8409-A3358815F3F2}.Release|Any CPU.Build.0 = Release|Any CPU
		{A3D65C06-D981-4026-9986-FCE0ECBF504D}.Debug|Any CPU.ActiveCfg = Debug|Any CPU
		{A3D65C06-D981-4026-9986-FCE0ECBF504D}.Debug|Any CPU.Build.0 = Debug|Any CPU
		{A3D65C06-D981-4026-9986-FCE0ECBF504D}.Release|Any CPU.ActiveCfg = Release|Any CPU
		{A3D65C06-D981-4026-9986-FCE0ECBF504D}.Release|Any CPU.Build.0 = Release|Any CPU
		{90361714-9F90-41F8-80D4-1F4CB17FCBD6}.Debug|Any CPU.ActiveCfg = Debug|Any CPU
		{90361714-9F90-41F8-80D4-1F4CB17FCBD6}.Debug|Any CPU.Build.0 = Debug|Any CPU
		{90361714-9F90-41F8-80D4-1F4CB17FCBD6}.Release|Any CPU.ActiveCfg = Release|Any CPU
		{90361714-9F90-41F8-80D4-1F4CB17FCBD6}.Release|Any CPU.Build.0 = Release|Any CPU
		{E6F3E824-8D23-4260-9FD6-B2A0FD67C919}.Debug|Any CPU.ActiveCfg = Debug|Any CPU
		{E6F3E824-8D23-4260-9FD6-B2A0FD67C919}.Debug|Any CPU.Build.0 = Debug|Any CPU
		{E6F3E824-8D23-4260-9FD6-B2A0FD67C919}.Release|Any CPU.ActiveCfg = Release|Any CPU
		{E6F3E824-8D23-4260-9FD6-B2A0FD67C919}.Release|Any CPU.Build.0 = Release|Any CPU
		{4365C692-ADA0-49E3-B1EE-5EB2BB0A1A09}.Debug|Any CPU.ActiveCfg = Debug|Any CPU
		{4365C692-ADA0-49E3-B1EE-5EB2BB0A1A09}.Debug|Any CPU.Build.0 = Debug|Any CPU
		{4365C692-ADA0-49E3-B1EE-5EB2BB0A1A09}.Release|Any CPU.ActiveCfg = Release|Any CPU
		{4365C692-ADA0-49E3-B1EE-5EB2BB0A1A09}.Release|Any CPU.Build.0 = Release|Any CPU
		{B82BFF28-7974-49BA-91AF-7B3AC42A6397}.Debug|Any CPU.ActiveCfg = Debug|Any CPU
		{B82BFF28-7974-49BA-91AF-7B3AC42A6397}.Debug|Any CPU.Build.0 = Debug|Any CPU
		{B82BFF28-7974-49BA-91AF-7B3AC42A6397}.Release|Any CPU.ActiveCfg = Release|Any CPU
		{B82BFF28-7974-49BA-91AF-7B3AC42A6397}.Release|Any CPU.Build.0 = Release|Any CPU
		{3EE2B7E0-D498-4029-A906-8305606CCC02}.Debug|Any CPU.ActiveCfg = Debug|Any CPU
		{3EE2B7E0-D498-4029-A906-8305606CCC02}.Debug|Any CPU.Build.0 = Debug|Any CPU
		{3EE2B7E0-D498-4029-A906-8305606CCC02}.Release|Any CPU.ActiveCfg = Release|Any CPU
		{3EE2B7E0-D498-4029-A906-8305606CCC02}.Release|Any CPU.Build.0 = Release|Any CPU
		{0B0C8467-DC8C-422A-A2E9-A5C1D1D9D08D}.Debug|Any CPU.ActiveCfg = Debug|Any CPU
		{0B0C8467-DC8C-422A-A2E9-A5C1D1D9D08D}.Debug|Any CPU.Build.0 = Debug|Any CPU
		{0B0C8467-DC8C-422A-A2E9-A5C1D1D9D08D}.Release|Any CPU.ActiveCfg = Release|Any CPU
		{0B0C8467-DC8C-422A-A2E9-A5C1D1D9D08D}.Release|Any CPU.Build.0 = Release|Any CPU
		{7033B5ED-0566-4574-AAC2-0F23569A21BC}.Debug|Any CPU.ActiveCfg = Debug|Any CPU
		{7033B5ED-0566-4574-AAC2-0F23569A21BC}.Debug|Any CPU.Build.0 = Debug|Any CPU
		{7033B5ED-0566-4574-AAC2-0F23569A21BC}.Release|Any CPU.ActiveCfg = Release|Any CPU
		{7033B5ED-0566-4574-AAC2-0F23569A21BC}.Release|Any CPU.Build.0 = Release|Any CPU
	EndGlobalSection
	GlobalSection(SolutionProperties) = preSolution
		HideSolutionNode = FALSE
	EndGlobalSection
	GlobalSection(ExtensibilityGlobals) = postSolution
		SolutionGuid = {4981F4C4-4B5E-4C95-BB70-5136AC46AF38}
	EndGlobalSection
EndGlobal
